
Microsoft Visual Studio Solution File, Format Version 12.00
# Visual Studio Version 16
VisualStudioVersion = 16.0.31911.196
MinimumVisualStudioVersion = 10.0.40219.1
Project("{FAE04EC0-301F-11D3-BF4B-00C04F79EFBC}") = "prjNightMarket", "prjNightMarket\prjNightMarket.csproj", "{AD3B0B29-EC84-45EE-86E7-D12AA6A171EC}"
EndProject
Global
	GlobalSection(SolutionConfigurationPlatforms) = preSolution
		Debug|Any CPU = Debug|Any CPU
		Release|Any CPU = Release|Any CPU
	EndGlobalSection
	GlobalSection(ProjectConfigurationPlatforms) = postSolution
		{AD3B0B29-EC84-45EE-86E7-D12AA6A171EC}.Debug|Any CPU.ActiveCfg = Debug|Any CPU
		{AD3B0B29-EC84-45EE-86E7-D12AA6A171EC}.Debug|Any CPU.Build.0 = Debug|Any CPU
		{AD3B0B29-EC84-45EE-86E7-D12AA6A171EC}.Release|Any CPU.ActiveCfg = Release|Any CPU
		{AD3B0B29-EC84-45EE-86E7-D12AA6A171EC}.Release|Any CPU.Build.0 = Release|Any CPU
	EndGlobalSection
	GlobalSection(SolutionProperties) = preSolution
		HideSolutionNode = FALSE
	EndGlobalSection
	GlobalSection(ExtensibilityGlobals) = postSolution
		SolutionGuid = {ADFD9498-592B-4DB7-8D59-0DB2BC040B2E}
	EndGlobalSection
EndGlobal
